
Microsoft Visual Studio Solution File, Format Version 12.00
# Visual Studio Version 17
VisualStudioVersion = 17.6.33829.357
MinimumVisualStudioVersion = 10.0.40219.1
Project("{FAE04EC0-301F-11D3-BF4B-00C04F79EFBC}") = "runcodePoo", "runcodePoo\runcodePoo.csproj", "{8CC00C86-735F-45E9-AB0F-4109CB8AFE04}"
EndProject
Global
	GlobalSection(SolutionConfigurationPlatforms) = preSolution
		Debug|Any CPU = Debug|Any CPU
		Release|Any CPU = Release|Any CPU
	EndGlobalSection
	GlobalSection(ProjectConfigurationPlatforms) = postSolution
		{8CC00C86-735F-45E9-AB0F-4109CB8AFE04}.Debug|Any CPU.ActiveCfg = Debug|Any CPU
		{8CC00C86-735F-45E9-AB0F-4109CB8AFE04}.Debug|Any CPU.Build.0 = Debug|Any CPU
		{8CC00C86-735F-45E9-AB0F-4109CB8AFE04}.Release|Any CPU.ActiveCfg = Release|Any CPU
		{8CC00C86-735F-45E9-AB0F-4109CB8AFE04}.Release|Any CPU.Build.0 = Release|Any CPU
	EndGlobalSection
	GlobalSection(SolutionProperties) = preSolution
		HideSolutionNode = FALSE
	EndGlobalSection
	GlobalSection(ExtensibilityGlobals) = postSolution
		SolutionGuid = {04B85153-232F-45C6-AC76-01A8BC0A4B5F}
	EndGlobalSection
EndGlobal
